
Microsoft Visual Studio Solution File, Format Version 12.00
# Visual Studio Version 16
VisualStudioVersion = 16.0.29709.97
MinimumVisualStudioVersion = 10.0.40219.1
Project("{2150E333-8FDC-42A3-9474-1A3956D46DE8}") = "HelloWorld", "HelloWorld", "{9579A328-3D0C-48CF-BEAE-D41DB7E21810}"
EndProject
Project("{9A19103F-16F7-4668-BE54-9A1E7A4F7556}") = "Send", "HelloWorld\Send\Send.csproj", "{0A01B59C-1A22-4083-8FD0-0903F7D02D38}"
EndProject
Project("{9A19103F-16F7-4668-BE54-9A1E7A4F7556}") = "Receive", "HelloWorld\Receive\Receive.csproj", "{BA4DD3D9-FC93-4AB2-8848-13AE6D2DCDF3}"
EndProject
Project("{2150E333-8FDC-42A3-9474-1A3956D46DE8}") = "WorkQueue", "WorkQueue", "{B7E47549-97BF-4271-8F0E-66F0F1AF802B}"
EndProject
Project("{9A19103F-16F7-4668-BE54-9A1E7A4F7556}") = "NewTask", "WorkQueue\NewTask\NewTask.csproj", "{001EDF4F-9C0F-4E1F-A4EA-1E7F306996AF}"
EndProject
Project("{9A19103F-16F7-4668-BE54-9A1E7A4F7556}") = "Worker", "WorkQueue\Worker\Worker.csproj", "{A1503A61-3440-4FBB-82F7-92EF7C2809A8}"
EndProject
Project("{2150E333-8FDC-42A3-9474-1A3956D46DE8}") = "PublishSubscribe", "PublishSubscribe", "{BF8BA5B0-78E8-4049-9835-20BD9384BD13}"
EndProject
Project("{9A19103F-16F7-4668-BE54-9A1E7A4F7556}") = "EmitLog", "PublishSubscribe\EmitLog\EmitLog.csproj", "{DE47D5C3-6A88-453F-9AF4-353CFAFE656C}"
EndProject
Project("{9A19103F-16F7-4668-BE54-9A1E7A4F7556}") = "ReceiveLogs", "PublishSubscribe\ReceiveLogs\ReceiveLogs.csproj", "{A115607A-A594-4FE8-AC1F-255E3051147D}"
EndProject
Project("{2150E333-8FDC-42A3-9474-1A3956D46DE8}") = "Routing", "Routing", "{860194F5-C6FF-4A67-AB53-5B9CC0E089BA}"
EndProject
Project("{9A19103F-16F7-4668-BE54-9A1E7A4F7556}") = "EmitLogDirect", "Routing\EmitLogDirect\EmitLogDirect.csproj", "{FD943837-B111-40DD-9CFA-12B97C9DDABB}"
EndProject
Project("{9A19103F-16F7-4668-BE54-9A1E7A4F7556}") = "ReceiveLogsDirect", "Routing\ReceiveLogsDirect\ReceiveLogsDirect.csproj", "{AAC37EBB-1DCC-469B-A198-3A3AABF2B296}"
EndProject
Project("{2150E333-8FDC-42A3-9474-1A3956D46DE8}") = "RPC", "RPC", "{CE9F700D-016A-4AE6-B280-A7DA443C4861}"
EndProject
Project("{9A19103F-16F7-4668-BE54-9A1E7A4F7556}") = "RPCClient", "RPC\RPCClient\RPCClient.csproj", "{B41BFA58-6B12-4343-9EC1-3D70A2D5146A}"
EndProject
Project("{9A19103F-16F7-4668-BE54-9A1E7A4F7556}") = "RPCServer", "RPC\RPCServer\RPCServer.csproj", "{86A82860-10C2-4A52-A4F8-32E6EDA806D9}"
EndProject
Project("{2150E333-8FDC-42A3-9474-1A3956D46DE8}") = "PublisherConfirm", "PublisherConfirm", "{B5DE4B3F-D624-4FD2-8BBF-8676EBEBF6C2}"
EndProject
Project("{9A19103F-16F7-4668-BE54-9A1E7A4F7556}") = "PublisherConfirms", "PublisherConfirm\PublisherConfirms\PublisherConfirms.csproj", "{AEF0857D-7F3E-43B1-BEBB-0153082AC180}"
EndProject
Project("{2150E333-8FDC-42A3-9474-1A3956D46DE8}") = "Topics", "Topics", "{3A14D09D-325E-4872-B84E-80665A34FB2F}"
EndProject
Project("{9A19103F-16F7-4668-BE54-9A1E7A4F7556}") = "EmitLogTopic", "Topics\EmitLogTopic\EmitLogTopic.csproj", "{ACDAEE29-F9E7-4E35-B393-18154E7DDFF2}"
EndProject
Project("{9A19103F-16F7-4668-BE54-9A1E7A4F7556}") = "ReceiveLogsTopic", "Topics\ReceiveLogsTopic\ReceiveLogsTopic.csproj", "{3CC2C11D-64A1-443B-ABE5-29E7891AFFE2}"
EndProject
Global
	GlobalSection(SolutionConfigurationPlatforms) = preSolution
		Debug|Any CPU = Debug|Any CPU
		Release|Any CPU = Release|Any CPU
	EndGlobalSection
	GlobalSection(ProjectConfigurationPlatforms) = postSolution
		{0A01B59C-1A22-4083-8FD0-0903F7D02D38}.Debug|Any CPU.ActiveCfg = Debug|Any CPU
		{0A01B59C-1A22-4083-8FD0-0903F7D02D38}.Debug|Any CPU.Build.0 = Debug|Any CPU
		{0A01B59C-1A22-4083-8FD0-0903F7D02D38}.Release|Any CPU.ActiveCfg = Release|Any CPU
		{0A01B59C-1A22-4083-8FD0-0903F7D02D38}.Release|Any CPU.Build.0 = Release|Any CPU
		{BA4DD3D9-FC93-4AB2-8848-13AE6D2DCDF3}.Debug|Any CPU.ActiveCfg = Debug|Any CPU
		{BA4DD3D9-FC93-4AB2-8848-13AE6D2DCDF3}.Debug|Any CPU.Build.0 = Debug|Any CPU
		{BA4DD3D9-FC93-4AB2-8848-13AE6D2DCDF3}.Release|Any CPU.ActiveCfg = Release|Any CPU
		{BA4DD3D9-FC93-4AB2-8848-13AE6D2DCDF3}.Release|Any CPU.Build.0 = Release|Any CPU
		{001EDF4F-9C0F-4E1F-A4EA-1E7F306996AF}.Debug|Any CPU.ActiveCfg = Debug|Any CPU
		{001EDF4F-9C0F-4E1F-A4EA-1E7F306996AF}.Debug|Any CPU.Build.0 = Debug|Any CPU
		{001EDF4F-9C0F-4E1F-A4EA-1E7F306996AF}.Release|Any CPU.ActiveCfg = Release|Any CPU
		{001EDF4F-9C0F-4E1F-A4EA-1E7F306996AF}.Release|Any CPU.Build.0 = Release|Any CPU
		{A1503A61-3440-4FBB-82F7-92EF7C2809A8}.Debug|Any CPU.ActiveCfg = Debug|Any CPU
		{A1503A61-3440-4FBB-82F7-92EF7C2809A8}.Debug|Any CPU.Build.0 = Debug|Any CPU
		{A1503A61-3440-4FBB-82F7-92EF7C2809A8}.Release|Any CPU.ActiveCfg = Release|Any CPU
		{A1503A61-3440-4FBB-82F7-92EF7C2809A8}.Release|Any CPU.Build.0 = Release|Any CPU
		{DE47D5C3-6A88-453F-9AF4-353CFAFE656C}.Debug|Any CPU.ActiveCfg = Debug|Any CPU
		{DE47D5C3-6A88-453F-9AF4-353CFAFE656C}.Debug|Any CPU.Build.0 = Debug|Any CPU
		{DE47D5C3-6A88-453F-9AF4-353CFAFE656C}.Release|Any CPU.ActiveCfg = Release|Any CPU
		{DE47D5C3-6A88-453F-9AF4-353CFAFE656C}.Release|Any CPU.Build.0 = Release|Any CPU
		{A115607A-A594-4FE8-AC1F-255E3051147D}.Debug|Any CPU.ActiveCfg = Debug|Any CPU
		{A115607A-A594-4FE8-AC1F-255E3051147D}.Debug|Any CPU.Build.0 = Debug|Any CPU
		{A115607A-A594-4FE8-AC1F-255E3051147D}.Release|Any CPU.ActiveCfg = Release|Any CPU
		{A115607A-A594-4FE8-AC1F-255E3051147D}.Release|Any CPU.Build.0 = Release|Any CPU
		{FD943837-B111-40DD-9CFA-12B97C9DDABB}.Debug|Any CPU.ActiveCfg = Debug|Any CPU
		{FD943837-B111-40DD-9CFA-12B97C9DDABB}.Debug|Any CPU.Build.0 = Debug|Any CPU
		{FD943837-B111-40DD-9CFA-12B97C9DDABB}.Release|Any CPU.ActiveCfg = Release|Any CPU
		{FD943837-B111-40DD-9CFA-12B97C9DDABB}.Release|Any CPU.Build.0 = Release|Any CPU
		{AAC37EBB-1DCC-469B-A198-3A3AABF2B296}.Debug|Any CPU.ActiveCfg = Debug|Any CPU
		{AAC37EBB-1DCC-469B-A198-3A3AABF2B296}.Debug|Any CPU.Build.0 = Debug|Any CPU
		{AAC37EBB-1DCC-469B-A198-3A3AABF2B296}.Release|Any CPU.ActiveCfg = Release|Any CPU
		{AAC37EBB-1DCC-469B-A198-3A3AABF2B296}.Release|Any CPU.Build.0 = Release|Any CPU
		{B41BFA58-6B12-4343-9EC1-3D70A2D5146A}.Debug|Any CPU.ActiveCfg = Debug|Any CPU
		{B41BFA58-6B12-4343-9EC1-3D70A2D5146A}.Debug|Any CPU.Build.0 = Debug|Any CPU
		{B41BFA58-6B12-4343-9EC1-3D70A2D5146A}.Release|Any CPU.ActiveCfg = Release|Any CPU
		{B41BFA58-6B12-4343-9EC1-3D70A2D5146A}.Release|Any CPU.Build.0 = Release|Any CPU
		{86A82860-10C2-4A52-A4F8-32E6EDA806D9}.Debug|Any CPU.ActiveCfg = Debug|Any CPU
		{86A82860-10C2-4A52-A4F8-32E6EDA806D9}.Debug|Any CPU.Build.0 = Debug|Any CPU
		{86A82860-10C2-4A52-A4F8-32E6EDA806D9}.Release|Any CPU.ActiveCfg = Release|Any CPU
		{86A82860-10C2-4A52-A4F8-32E6EDA806D9}.Release|Any CPU.Build.0 = Release|Any CPU
		{AEF0857D-7F3E-43B1-BEBB-0153082AC180}.Debug|Any CPU.ActiveCfg = Debug|Any CPU
		{AEF0857D-7F3E-43B1-BEBB-0153082AC180}.Debug|Any CPU.Build.0 = Debug|Any CPU
		{AEF0857D-7F3E-43B1-BEBB-0153082AC180}.Release|Any CPU.ActiveCfg = Release|Any CPU
		{AEF0857D-7F3E-43B1-BEBB-0153082AC180}.Release|Any CPU.Build.0 = Release|Any CPU
		{ACDAEE29-F9E7-4E35-B393-18154E7DDFF2}.Debug|Any CPU.ActiveCfg = Debug|Any CPU
		{ACDAEE29-F9E7-4E35-B393-18154E7DDFF2}.Debug|Any CPU.Build.0 = Debug|Any CPU
		{ACDAEE29-F9E7-4E35-B393-18154E7DDFF2}.Release|Any CPU.ActiveCfg = Release|Any CPU
		{ACDAEE29-F9E7-4E35-B393-18154E7DDFF2}.Release|Any CPU.Build.0 = Release|Any CPU
		{3CC2C11D-64A1-443B-ABE5-29E7891AFFE2}.Debug|Any CPU.ActiveCfg = Debug|Any CPU
		{3CC2C11D-64A1-443B-ABE5-29E7891AFFE2}.Debug|Any CPU.Build.0 = Debug|Any CPU
		{3CC2C11D-64A1-443B-ABE5-29E7891AFFE2}.Release|Any CPU.ActiveCfg = Release|Any CPU
		{3CC2C11D-64A1-443B-ABE5-29E7891AFFE2}.Release|Any CPU.Build.0 = Release|Any CPU
	EndGlobalSection
	GlobalSection(SolutionProperties) = preSolution
		HideSolutionNode = FALSE
	EndGlobalSection
	GlobalSection(NestedProjects) = preSolution
		{0A01B59C-1A22-4083-8FD0-0903F7D02D38} = {9579A328-3D0C-48CF-BEAE-D41DB7E21810}
		{BA4DD3D9-FC93-4AB2-8848-13AE6D2DCDF3} = {9579A328-3D0C-48CF-BEAE-D41DB7E21810}
		{001EDF4F-9C0F-4E1F-A4EA-1E7F306996AF} = {B7E47549-97BF-4271-8F0E-66F0F1AF802B}
		{A1503A61-3440-4FBB-82F7-92EF7C2809A8} = {B7E47549-97BF-4271-8F0E-66F0F1AF802B}
		{DE47D5C3-6A88-453F-9AF4-353CFAFE656C} = {BF8BA5B0-78E8-4049-9835-20BD9384BD13}
		{A115607A-A594-4FE8-AC1F-255E3051147D} = {BF8BA5B0-78E8-4049-9835-20BD9384BD13}
		{FD943837-B111-40DD-9CFA-12B97C9DDABB} = {860194F5-C6FF-4A67-AB53-5B9CC0E089BA}
		{AAC37EBB-1DCC-469B-A198-3A3AABF2B296} = {860194F5-C6FF-4A67-AB53-5B9CC0E089BA}
		{B41BFA58-6B12-4343-9EC1-3D70A2D5146A} = {CE9F700D-016A-4AE6-B280-A7DA443C4861}
		{86A82860-10C2-4A52-A4F8-32E6EDA806D9} = {CE9F700D-016A-4AE6-B280-A7DA443C4861}
		{AEF0857D-7F3E-43B1-BEBB-0153082AC180} = {B5DE4B3F-D624-4FD2-8BBF-8676EBEBF6C2}
		{ACDAEE29-F9E7-4E35-B393-18154E7DDFF2} = {3A14D09D-325E-4872-B84E-80665A34FB2F}
		{3CC2C11D-64A1-443B-ABE5-29E7891AFFE2} = {3A14D09D-325E-4872-B84E-80665A34FB2F}
	EndGlobalSection
	GlobalSection(ExtensibilityGlobals) = postSolution
		SolutionGuid = {2CB4357A-4EA9-4644-8675-7F97067099F8}
	EndGlobalSection
EndGlobal
